{
  "name": "Assignment2",
  "lockfileVersion": 2,
  "requires": true,
  "packages": {
    "": {
      "dependencies": {
        "algoliasearch": "^4.8.4",
        "react-instantsearch-dom": "^6.9.0"
      }
    },
    "node_modules/@algolia/cache-browser-local-storage": {
      "version": "4.8.4",
      "resolved": "https://registry.npmjs.org/@algolia/cache-browser-local-storage/-/cache-browser-local-storage-4.8.4.tgz",
      "integrity": "sha512-qSS3VMP3oMhcLrYIFveRyt3F5XB6MqWogF4Vooj8KvOvqv6jBmYwkAueSXCF5pkJEaA72VL9+9NbBpfC8ez2ww==",
      "dependencies": {
        "@algolia/cache-common": "4.8.4"
      }
    },
    "node_modules/@algolia/cache-common": {
      "version": "4.8.4",
      "resolved": "https://registry.npmjs.org/@algolia/cache-common/-/cache-common-4.8.4.tgz",
      "integrity": "sha512-5+dLmj6qFy4WOtnNQuFRfWTIIDdpUigv+dXaKMFplNPBvZHGFy3hcRjWqYzGcqaeLqcXbN8cU5r75mvrlJIxcw=="
    },
    "node_modules/@algolia/cache-in-memory": {
      "version": "4.8.4",
      "resolved": "https://registry.npmjs.org/@algolia/cache-in-memory/-/cache-in-memory-4.8.4.tgz",
      "integrity": "sha512-PBN4YKxn/L+HjVKqUE5rtLiFKqzm4qnUoF7QvCFFmFAViCdYwZSMFVmDobstqWY3KULfsEqaeD4eU4jxZbKhEA==",
      "dependencies": {
        "@algolia/cache-common": "4.8.4"
      }
    },
    "node_modules/@algolia/client-account": {
      "version": "4.8.4",
      "resolved": "https://registry.npmjs.org/@algolia/client-account/-/client-account-4.8.4.tgz",
      "integrity": "sha512-mrsOnGV4O2b+t1CumUH72+Psw9d9qwngBEp2le7IMSceJQywQvNCyJ4B4qyoozHsIGapXfcVAOhRxqUsNQ6U6g==",
      "dependencies": {
        "@algolia/client-common": "4.8.4",
        "@algolia/client-search": "4.8.4",
        "@algolia/transporter": "4.8.4"
      }
    },
    "node_modules/@algolia/client-analytics": {
      "version": "4.8.4",
      "resolved": "https://registry.npmjs.org/@algolia/client-analytics/-/client-analytics-4.8.4.tgz",
      "integrity": "sha512-Xy70njSUgG/QTv5+rPjsTIzBF/bjxseS5h9SawrQGzovTosbJbu9JBlg4YwVJnYvjovzpr7S39+gPIPc8M7+Rg==",
      "dependencies": {
        "@algolia/client-common": "4.8.4",
        "@algolia/client-search": "4.8.4",
        "@algolia/requester-common": "4.8.4",
        "@algolia/transporter": "4.8.4"
      }
    },
    "node_modules/@algolia/client-common": {
      "version": "4.8.4",
      "resolved": "https://registry.npmjs.org/@algolia/client-common/-/client-common-4.8.4.tgz",
      "integrity": "sha512-sQlRa+KWFn+D8AOEZb4kj6RE/i6DnPwVOF4AnNf9IjNB0mUUhLWw96cQN6GDx0KE4lhW67t+qR39ZuuDBgR9ww==",
      "dependencies": {
        "@algolia/requester-common": "4.8.4",
        "@algolia/transporter": "4.8.4"
      }
    },
    "node_modules/@algolia/client-recommendation": {
      "version": "4.8.4",
      "resolved": "https://registry.npmjs.org/@algolia/client-recommendation/-/client-recommendation-4.8.4.tgz",
      "integrity": "sha512-CE0CVqLGWotVOaUXyU33FVD9FZ/7rqcbwFPH5MgSjVdE0B1YWVedhR0s2BNKodXLcIGVLVYfXR05CLdvOlTw+A==",
      "dependencies": {
        "@algolia/client-common": "4.8.4",
        "@algolia/requester-common": "4.8.4",
        "@algolia/transporter": "4.8.4"
      }
    },
    "node_modules/@algolia/client-search": {
      "version": "4.8.4",
      "resolved": "https://registry.npmjs.org/@algolia/client-search/-/client-search-4.8.4.tgz",
      "integrity": "sha512-eH2tRPnDU3tqpp0BSqP6coRRQe8fceqsupuf/1ho+Mcs5DM13mEuFmNOyPywHRlYLVPmbbCPRhDr5rB8QoN7XQ==",
      "dependencies": {
        "@algolia/client-common": "4.8.4",
        "@algolia/requester-common": "4.8.4",
        "@algolia/transporter": "4.8.4"
      }
    },
    "node_modules/@algolia/logger-common": {
      "version": "4.8.4",
      "resolved": "https://registry.npmjs.org/@algolia/logger-common/-/logger-common-4.8.4.tgz",
      "integrity": "sha512-6hOaFG75Onmant9adcaeCZgvPYfnif7n0H1ycbixm6/WH3SmxqPMG+CMiW8mTNTRrrAEceQVrq6tDHD8jdnOOw=="
    },
    "node_modules/@algolia/logger-console": {
      "version": "4.8.4",
      "resolved": "https://registry.npmjs.org/@algolia/logger-console/-/logger-console-4.8.4.tgz",
      "integrity": "sha512-+9T3t/eB9vseANFz9YbFHG0cHjzVP/DVfGqzTAkeSlvMHP69JzJga9Wb0Ai6J3xXE3d4k9K+k6t+kkjCQjzEqg==",
      "dependencies": {
        "@algolia/logger-common": "4.8.4"
      }
    },
    "node_modules/@algolia/requester-browser-xhr": {
      "version": "4.8.4",
      "resolved": "https://registry.npmjs.org/@algolia/requester-browser-xhr/-/requester-browser-xhr-4.8.4.tgz",
      "integrity": "sha512-BYa8O/pht0UL2bcm0ZkLZiyC+5dHrbc6gvKIo+OgqxmDb/K4KrVo6RIof3BVpR8fgcfxQJohjNVHKXHxEUhBCQ==",
      "dependencies": {
        "@algolia/requester-common": "4.8.4"
      }
    },
    "node_modules/@algolia/requester-common": {
      "version": "4.8.4",
      "resolved": "https://registry.npmjs.org/@algolia/requester-common/-/requester-common-4.8.4.tgz",
      "integrity": "sha512-br3LXb6srfAy7F04axwExmrkPOlXCDckgTFoLFv/RT9Oo28SpoyvHqktyBovQLdzdTs+Laglf+LtOHr0iUrZJg=="
    },
    "node_modules/@algolia/requester-node-http": {
      "version": "4.8.4",
      "resolved": "https://registry.npmjs.org/@algolia/requester-node-http/-/requester-node-http-4.8.4.tgz",
      "integrity": "sha512-o5Cc4UxYPn3IBHQSDBNFFhq1LQLv40eYvCvK0FPJ8xZkrnNXhjPvaLCu/lQTHpk/HX7DaE6fQ/KboU0OSPKevQ==",
      "dependencies": {
        "@algolia/requester-common": "4.8.4"
      }
    },
    "node_modules/@algolia/transporter": {
      "version": "4.8.4",
      "resolved": "https://registry.npmjs.org/@algolia/transporter/-/transporter-4.8.4.tgz",
      "integrity": "sha512-EvXFYICxrr9QEO6m6awUeNOBstOxePQ2Fy0jtYlS1v9TY2P5HqKRzkxmaZjeYRBsXOImpVjgQIzTzj1Au4br2w==",
      "dependencies": {
        "@algolia/cache-common": "4.8.4",
        "@algolia/logger-common": "4.8.4",
        "@algolia/requester-common": "4.8.4"
      }
    },
    "node_modules/@babel/runtime": {
      "version": "7.12.13",
      "resolved": "https://registry.npmjs.org/@babel/runtime/-/runtime-7.12.13.tgz",
      "integrity": "sha512-8+3UMPBrjFa/6TtKi/7sehPKqfAm4g6K+YQjyyFOLUTxzOngcRZTlAVY8sc2CORJYqdHQY8gRPHmn+qo15rCBw==",
      "dependencies": {
        "regenerator-runtime": "^0.13.4"
      }
    },
    "node_modules/algoliasearch": {
      "version": "4.8.4",
      "resolved": "https://registry.npmjs.org/algoliasearch/-/algoliasearch-4.8.4.tgz",
      "integrity": "sha512-QbXpFvBKj/QhKWE7xBoqaWOWyw7ni6W6THSuFJHOcADRrInhjFCBYjrv+YsIhv9huCepKXWpfV4UJup9BslVhQ==",
      "dependencies": {
        "@algolia/cache-browser-local-storage": "4.8.4",
        "@algolia/cache-common": "4.8.4",
        "@algolia/cache-in-memory": "4.8.4",
        "@algolia/client-account": "4.8.4",
        "@algolia/client-analytics": "4.8.4",
        "@algolia/client-common": "4.8.4",
        "@algolia/client-recommendation": "4.8.4",
        "@algolia/client-search": "4.8.4",
        "@algolia/logger-common": "4.8.4",
        "@algolia/logger-console": "4.8.4",
        "@algolia/requester-browser-xhr": "4.8.4",
        "@algolia/requester-common": "4.8.4",
        "@algolia/requester-node-http": "4.8.4",
        "@algolia/transporter": "4.8.4"
      }
    },
    "node_modules/algoliasearch-helper": {
      "version": "3.3.4",
      "resolved": "https://registry.npmjs.org/algoliasearch-helper/-/algoliasearch-helper-3.3.4.tgz",
      "integrity": "sha512-1Ts2XcgGdjGlDrp3v6zbY8VW+X9+jJ5rBmtPBmXOQLd4b5t/LpJlaBdxoAnlMfVFjywP7KSAdmyFUNNYVHDyRQ==",
      "dependencies": {
        "events": "^1.1.1"
      },
      "peerDependencies": {
        "algoliasearch": ">= 3.1 < 5"
      }
    },
    "node_modules/classnames": {
      "version": "2.2.6",
      "resolved": "https://registry.npmjs.org/classnames/-/classnames-2.2.6.tgz",
      "integrity": "sha512-JR/iSQOSt+LQIWwrwEzJ9uk0xfN3mTVYMwt1Ir5mUcSN6pU+V4zQFFaJsclJbPuAUQH+yfWef6tm7l1quW3C8Q=="
    },
    "node_modules/events": {
      "version": "1.1.1",
      "resolved": "https://registry.npmjs.org/events/-/events-1.1.1.tgz",
      "integrity": "sha1-nr23Y1rQmccNzEwqH1AEKI6L2SQ=",
      "engines": {
        "node": ">=0.4.x"
      }
    },
    "node_modules/js-tokens": {
      "version": "4.0.0",
      "resolved": "https://registry.npmjs.org/js-tokens/-/js-tokens-4.0.0.tgz",
      "integrity": "sha512-RdJUflcE3cUzKiMqQgsCu06FPu9UdIJO0beYbPhHN4k6apgJtifcoCtT9bcxOpYBtpD2kCM6Sbzg4CausW/PKQ=="
    },
    "node_modules/loose-envify": {
      "version": "1.4.0",
      "resolved": "https://registry.npmjs.org/loose-envify/-/loose-envify-1.4.0.tgz",
      "integrity": "sha512-lyuxPGr/Wfhrlem2CL/UcnUc1zcqKAImBDzukY7Y5F/yQiNdko6+fRLevlw1HgMySw7f611UIY408EtxRSoK3Q==",
      "dependencies": {
        "js-tokens": "^3.0.0 || ^4.0.0"
      },
      "bin": {
        "loose-envify": "cli.js"
      }
    },
    "node_modules/object-assign": {
      "version": "4.1.1",
      "resolved": "https://registry.npmjs.org/object-assign/-/object-assign-4.1.1.tgz",
      "integrity": "sha1-IQmtx5ZYh8/AXLvUQsrIv7s2CGM=",
      "engines": {
        "node": ">=0.10.0"
      }
    },
    "node_modules/prop-types": {
      "version": "15.7.2",
      "resolved": "https://registry.npmjs.org/prop-types/-/prop-types-15.7.2.tgz",
      "integrity": "sha512-8QQikdH7//R2vurIJSutZ1smHYTcLpRWEOlHnzcWHmBYrOGUysKwSsrC89BCiFj3CbrfJ/nXFdJepOVrY1GCHQ==",
      "dependencies": {
        "loose-envify": "^1.4.0",
        "object-assign": "^4.1.1",
        "react-is": "^16.8.1"
      }
    },
    "node_modules/react": {
      "version": "17.0.1",
      "resolved": "https://registry.npmjs.org/react/-/react-17.0.1.tgz",
      "integrity": "sha512-lG9c9UuMHdcAexXtigOZLX8exLWkW0Ku29qPRU8uhF2R9BN96dLCt0psvzPLlHc5OWkgymP3qwTRgbnw5BKx3w==",
      "peer": true,
      "dependencies": {
        "loose-envify": "^1.1.0",
        "object-assign": "^4.1.1"
      },
      "engines": {
        "node": ">=0.10.0"
      }
    },
    "node_modules/react-dom": {
      "version": "17.0.1",
      "resolved": "https://registry.npmjs.org/react-dom/-/react-dom-17.0.1.tgz",
      "integrity": "sha512-6eV150oJZ9U2t9svnsspTMrWNyHc6chX0KzDeAOXftRa8bNeOKTTfCJ7KorIwenkHd2xqVTBTCZd79yk/lx/Ug==",
      "peer": true,
      "dependencies": {
        "loose-envify": "^1.1.0",
        "object-assign": "^4.1.1",
        "scheduler": "^0.20.1"
      },
      "peerDependencies": {
        "react": "17.0.1"
      }
    },
    "node_modules/react-fast-compare": {
      "version": "3.2.0",
      "resolved": "https://registry.npmjs.org/react-fast-compare/-/react-fast-compare-3.2.0.tgz",
      "integrity": "sha512-rtGImPZ0YyLrscKI9xTpV8psd6I8VAtjKCzQDlzyDvqJA8XOW78TXYQwNRNd8g8JZnDu8q9Fu/1v4HPAVwVdHA=="
    },
    "node_modules/react-instantsearch-core": {
      "version": "6.9.0",
      "resolved": "https://registry.npmjs.org/react-instantsearch-core/-/react-instantsearch-core-6.9.0.tgz",
      "integrity": "sha512-xLNyF0mUBq7MaLQgmosBnxac7YnLTuanu5TKZkH7RFEVC2T5mi4fINtG6vAkOkVjiH90abv2wdPY6UjE/Vt6kQ==",
      "dependencies": {
        "@babel/runtime": "^7.1.2",
        "algoliasearch-helper": "^3.1.0",
        "prop-types": "^15.6.2",
        "react-fast-compare": "^3.0.0"
      },
      "peerDependencies": {
        "algoliasearch": ">= 3.1 < 5",
        "react": ">= 16.3.0 < 18"
      }
    },
    "node_modules/react-instantsearch-dom": {
      "version": "6.9.0",
      "resolved": "https://registry.npmjs.org/react-instantsearch-dom/-/react-instantsearch-dom-6.9.0.tgz",
      "integrity": "sha512-G8jSIC5QutdiK6QhZwyLcIONg2C6/6wRMkAM6uZ5ObSDvY+h/PkSohc8//A7LNOyedOCACd/UfdWlmexSYjl6Q==",
      "dependencies": {
        "@babel/runtime": "^7.1.2",
        "algoliasearch-helper": "^3.1.0",
        "classnames": "^2.2.5",
        "prop-types": "^15.6.2",
        "react-fast-compare": "^3.0.0",
        "react-instantsearch-core": "^6.9.0"
      },
      "peerDependencies": {
        "react": ">= 16.3.0 < 18",
        "react-dom": ">= 16.3.0 < 18"
      }
    },
    "node_modules/react-is": {
      "version": "16.13.1",
      "resolved": "https://registry.npmjs.org/react-is/-/react-is-16.13.1.tgz",
      "integrity": "sha512-24e6ynE2H+OKt4kqsOvNd8kBpV65zoxbA4BVsEOB3ARVWQki/DHzaUoC5KuON/BiccDaCCTZBuOcfZs70kR8bQ=="
    },
    "node_modules/regenerator-runtime": {
      "version": "0.13.7",
      "resolved": "https://registry.npmjs.org/regenerator-runtime/-/regenerator-runtime-0.13.7.tgz",
      "integrity": "sha512-a54FxoJDIr27pgf7IgeQGxmqUNYrcV338lf/6gH456HZ/PhX+5BcwHXG9ajESmwe6WRO0tAzRUrRmNONWgkrew=="
    },
    "node_modules/scheduler": {
      "version": "0.20.1",
      "resolved": "https://registry.npmjs.org/scheduler/-/scheduler-0.20.1.tgz",
      "integrity": "sha512-LKTe+2xNJBNxu/QhHvDR14wUXHRQbVY5ZOYpOGWRzhydZUqrLb2JBvLPY7cAqFmqrWuDED0Mjk7013SZiOz6Bw==",
      "peer": true,
      "dependencies": {
        "loose-envify": "^1.1.0",
        "object-assign": "^4.1.1"
      }
    }
  },
  "dependencies": {
    "@algolia/cache-browser-local-storage": {
      "version": "4.8.4",
      "resolved": "https://registry.npmjs.org/@algolia/cache-browser-local-storage/-/cache-browser-local-storage-4.8.4.tgz",
      "integrity": "sha512-qSS3VMP3oMhcLrYIFveRyt3F5XB6MqWogF4Vooj8KvOvqv6jBmYwkAueSXCF5pkJEaA72VL9+9NbBpfC8ez2ww==",
      "requires": {
        "@algolia/cache-common": "4.8.4"
      }
    },
    "@algolia/cache-common": {
      "version": "4.8.4",
      "resolved": "https://registry.npmjs.org/@algolia/cache-common/-/cache-common-4.8.4.tgz",
      "integrity": "sha512-5+dLmj6qFy4WOtnNQuFRfWTIIDdpUigv+dXaKMFplNPBvZHGFy3hcRjWqYzGcqaeLqcXbN8cU5r75mvrlJIxcw=="
    },
    "@algolia/cache-in-memory": {
      "version": "4.8.4",
      "resolved": "https://registry.npmjs.org/@algolia/cache-in-memory/-/cache-in-memory-4.8.4.tgz",
      "integrity": "sha512-PBN4YKxn/L+HjVKqUE5rtLiFKqzm4qnUoF7QvCFFmFAViCdYwZSMFVmDobstqWY3KULfsEqaeD4eU4jxZbKhEA==",
      "requires": {
        "@algolia/cache-common": "4.8.4"
      }
    },
    "@algolia/client-account": {
      "version": "4.8.4",
      "resolved": "https://registry.npmjs.org/@algolia/client-account/-/client-account-4.8.4.tgz",
      "integrity": "sha512-mrsOnGV4O2b+t1CumUH72+Psw9d9qwngBEp2le7IMSceJQywQvNCyJ4B4qyoozHsIGapXfcVAOhRxqUsNQ6U6g==",
      "requires": {
        "@algolia/client-common": "4.8.4",
        "@algolia/client-search": "4.8.4",
        "@algolia/transporter": "4.8.4"
      }
    },
    "@algolia/client-analytics": {
      "version": "4.8.4",
      "resolved": "https://registry.npmjs.org/@algolia/client-analytics/-/client-analytics-4.8.4.tgz",
      "integrity": "sha512-Xy70njSUgG/QTv5+rPjsTIzBF/bjxseS5h9SawrQGzovTosbJbu9JBlg4YwVJnYvjovzpr7S39+gPIPc8M7+Rg==",
      "requires": {
        "@algolia/client-common": "4.8.4",
        "@algolia/client-search": "4.8.4",
        "@algolia/requester-common": "4.8.4",
        "@algolia/transporter": "4.8.4"
      }
    },
    "@algolia/client-common": {
      "version": "4.8.4",
      "resolved": "https://registry.npmjs.org/@algolia/client-common/-/client-common-4.8.4.tgz",
      "integrity": "sha512-sQlRa+KWFn+D8AOEZb4kj6RE/i6DnPwVOF4AnNf9IjNB0mUUhLWw96cQN6GDx0KE4lhW67t+qR39ZuuDBgR9ww==",
      "requires": {
        "@algolia/requester-common": "4.8.4",
        "@algolia/transporter": "4.8.4"
      }
    },
    "@algolia/client-recommendation": {
      "version": "4.8.4",
      "resolved": "https://registry.npmjs.org/@algolia/client-recommendation/-/client-recommendation-4.8.4.tgz",
      "integrity": "sha512-CE0CVqLGWotVOaUXyU33FVD9FZ/7rqcbwFPH5MgSjVdE0B1YWVedhR0s2BNKodXLcIGVLVYfXR05CLdvOlTw+A==",
      "requires": {
        "@algolia/client-common": "4.8.4",
        "@algolia/requester-common": "4.8.4",
        "@algolia/transporter": "4.8.4"
      }
    },
    "@algolia/client-search": {
      "version": "4.8.4",
      "resolved": "https://registry.npmjs.org/@algolia/client-search/-/client-search-4.8.4.tgz",
      "integrity": "sha512-eH2tRPnDU3tqpp0BSqP6coRRQe8fceqsupuf/1ho+Mcs5DM13mEuFmNOyPywHRlYLVPmbbCPRhDr5rB8QoN7XQ==",
      "requires": {
        "@algolia/client-common": "4.8.4",
        "@algolia/requester-common": "4.8.4",
        "@algolia/transporter": "4.8.4"
      }
    },
    "@algolia/logger-common": {
      "version": "4.8.4",
      "resolved": "https://registry.npmjs.org/@algolia/logger-common/-/logger-common-4.8.4.tgz",
      "integrity": "sha512-6hOaFG75Onmant9adcaeCZgvPYfnif7n0H1ycbixm6/WH3SmxqPMG+CMiW8mTNTRrrAEceQVrq6tDHD8jdnOOw=="
    },
    "@algolia/logger-console": {
      "version": "4.8.4",
      "resolved": "https://registry.npmjs.org/@algolia/logger-console/-/logger-console-4.8.4.tgz",
      "integrity": "sha512-+9T3t/eB9vseANFz9YbFHG0cHjzVP/DVfGqzTAkeSlvMHP69JzJga9Wb0Ai6J3xXE3d4k9K+k6t+kkjCQjzEqg==",
      "requires": {
        "@algolia/logger-common": "4.8.4"
      }
    },
    "@algolia/requester-browser-xhr": {
      "version": "4.8.4",
      "resolved": "https://registry.npmjs.org/@algolia/requester-browser-xhr/-/requester-browser-xhr-4.8.4.tgz",
      "integrity": "sha512-BYa8O/pht0UL2bcm0ZkLZiyC+5dHrbc6gvKIo+OgqxmDb/K4KrVo6RIof3BVpR8fgcfxQJohjNVHKXHxEUhBCQ==",
      "requires": {
        "@algolia/requester-common": "4.8.4"
      }
    },
    "@algolia/requester-common": {
      "version": "4.8.4",
      "resolved": "https://registry.npmjs.org/@algolia/requester-common/-/requester-common-4.8.4.tgz",
      "integrity": "sha512-br3LXb6srfAy7F04axwExmrkPOlXCDckgTFoLFv/RT9Oo28SpoyvHqktyBovQLdzdTs+Laglf+LtOHr0iUrZJg=="
    },
    "@algolia/requester-node-http": {
      "version": "4.8.4",
      "resolved": "https://registry.npmjs.org/@algolia/requester-node-http/-/requester-node-http-4.8.4.tgz",
      "integrity": "sha512-o5Cc4UxYPn3IBHQSDBNFFhq1LQLv40eYvCvK0FPJ8xZkrnNXhjPvaLCu/lQTHpk/HX7DaE6fQ/KboU0OSPKevQ==",
      "requires": {
        "@algolia/requester-common": "4.8.4"
      }
    },
    "@algolia/transporter": {
      "version": "4.8.4",
      "resolved": "https://registry.npmjs.org/@algolia/transporter/-/transporter-4.8.4.tgz",
      "integrity": "sha512-EvXFYICxrr9QEO6m6awUeNOBstOxePQ2Fy0jtYlS1v9TY2P5HqKRzkxmaZjeYRBsXOImpVjgQIzTzj1Au4br2w==",
      "requires": {
        "@algolia/cache-common": "4.8.4",
        "@algolia/logger-common": "4.8.4",
        "@algolia/requester-common": "4.8.4"
      }
    },
    "@babel/runtime": {
      "version": "7.12.13",
      "resolved": "https://registry.npmjs.org/@babel/runtime/-/runtime-7.12.13.tgz",
      "integrity": "sha512-8+3UMPBrjFa/6TtKi/7sehPKqfAm4g6K+YQjyyFOLUTxzOngcRZTlAVY8sc2CORJYqdHQY8gRPHmn+qo15rCBw==",
      "requires": {
        "regenerator-runtime": "^0.13.4"
      }
    },
    "algoliasearch": {
      "version": "4.8.4",
      "resolved": "https://registry.npmjs.org/algoliasearch/-/algoliasearch-4.8.4.tgz",
      "integrity": "sha512-QbXpFvBKj/QhKWE7xBoqaWOWyw7ni6W6THSuFJHOcADRrInhjFCBYjrv+YsIhv9huCepKXWpfV4UJup9BslVhQ==",
      "requires": {
        "@algolia/cache-browser-local-storage": "4.8.4",
        "@algolia/cache-common": "4.8.4",
        "@algolia/cache-in-memory": "4.8.4",
        "@algolia/client-account": "4.8.4",
        "@algolia/client-analytics": "4.8.4",
        "@algolia/client-common": "4.8.4",
        "@algolia/client-recommendation": "4.8.4",
        "@algolia/client-search": "4.8.4",
        "@algolia/logger-common": "4.8.4",
        "@algolia/logger-console": "4.8.4",
        "@algolia/requester-browser-xhr": "4.8.4",
        "@algolia/requester-common": "4.8.4",
        "@algolia/requester-node-http": "4.8.4",
        "@algolia/transporter": "4.8.4"
      }
    },
    "algoliasearch-helper": {
      "version": "3.3.4",
      "resolved": "https://registry.npmjs.org/algoliasearch-helper/-/algoliasearch-helper-3.3.4.tgz",
      "integrity": "sha512-1Ts2XcgGdjGlDrp3v6zbY8VW+X9+jJ5rBmtPBmXOQLd4b5t/LpJlaBdxoAnlMfVFjywP7KSAdmyFUNNYVHDyRQ==",
      "requires": {
        "events": "^1.1.1"
      }
    },
    "classnames": {
      "version": "2.2.6",
      "resolved": "https://registry.npmjs.org/classnames/-/classnames-2.2.6.tgz",
      "integrity": "sha512-JR/iSQOSt+LQIWwrwEzJ9uk0xfN3mTVYMwt1Ir5mUcSN6pU+V4zQFFaJsclJbPuAUQH+yfWef6tm7l1quW3C8Q=="
    },
    "events": {
      "version": "1.1.1",
      "resolved": "https://registry.npmjs.org/events/-/events-1.1.1.tgz",
      "integrity": "sha1-nr23Y1rQmccNzEwqH1AEKI6L2SQ="
    },
    "js-tokens": {
      "version": "4.0.0",
      "resolved": "https://registry.npmjs.org/js-tokens/-/js-tokens-4.0.0.tgz",
      "integrity": "sha512-RdJUflcE3cUzKiMqQgsCu06FPu9UdIJO0beYbPhHN4k6apgJtifcoCtT9bcxOpYBtpD2kCM6Sbzg4CausW/PKQ=="
    },
    "loose-envify": {
      "version": "1.4.0",
      "resolved": "https://registry.npmjs.org/loose-envify/-/loose-envify-1.4.0.tgz",
      "integrity": "sha512-lyuxPGr/Wfhrlem2CL/UcnUc1zcqKAImBDzukY7Y5F/yQiNdko6+fRLevlw1HgMySw7f611UIY408EtxRSoK3Q==",
      "requires": {
        "js-tokens": "^3.0.0 || ^4.0.0"
      }
    },
    "object-assign": {
      "version": "4.1.1",
      "resolved": "https://registry.npmjs.org/object-assign/-/object-assign-4.1.1.tgz",
      "integrity": "sha1-IQmtx5ZYh8/AXLvUQsrIv7s2CGM="
    },
    "prop-types": {
      "version": "15.7.2",
      "resolved": "https://registry.npmjs.org/prop-types/-/prop-types-15.7.2.tgz",
      "integrity": "sha512-8QQikdH7//R2vurIJSutZ1smHYTcLpRWEOlHnzcWHmBYrOGUysKwSsrC89BCiFj3CbrfJ/nXFdJepOVrY1GCHQ==",
      "requires": {
        "loose-envify": "^1.4.0",
        "object-assign": "^4.1.1",
        "react-is": "^16.8.1"
      }
    },
    "react": {
      "version": "17.0.1",
      "resolved": "https://registry.npmjs.org/react/-/react-17.0.1.tgz",
      "integrity": "sha512-lG9c9UuMHdcAexXtigOZLX8exLWkW0Ku29qPRU8uhF2R9BN96dLCt0psvzPLlHc5OWkgymP3qwTRgbnw5BKx3w==",
      "peer": true,
      "requires": {
        "loose-envify": "^1.1.0",
        "object-assign": "^4.1.1"
      }
    },
    "react-dom": {
      "version": "17.0.1",
      "resolved": "https://registry.npmjs.org/react-dom/-/react-dom-17.0.1.tgz",
      "integrity": "sha512-6eV150oJZ9U2t9svnsspTMrWNyHc6chX0KzDeAOXftRa8bNeOKTTfCJ7KorIwenkHd2xqVTBTCZd79yk/lx/Ug==",
      "peer": true,
      "requires": {
        "loose-envify": "^1.1.0",
        "object-assign": "^4.1.1",
        "scheduler": "^0.20.1"
      }
    },
    "react-fast-compare": {
      "version": "3.2.0",
      "resolved": "https://registry.npmjs.org/react-fast-compare/-/react-fast-compare-3.2.0.tgz",
      "integrity": "sha512-rtGImPZ0YyLrscKI9xTpV8psd6I8VAtjKCzQDlzyDvqJA8XOW78TXYQwNRNd8g8JZnDu8q9Fu/1v4HPAVwVdHA=="
    },
    "react-instantsearch-core": {
      "version": "6.9.0",
      "resolved": "https://registry.npmjs.org/react-instantsearch-core/-/react-instantsearch-core-6.9.0.tgz",
      "integrity": "sha512-xLNyF0mUBq7MaLQgmosBnxac7YnLTuanu5TKZkH7RFEVC2T5mi4fINtG6vAkOkVjiH90abv2wdPY6UjE/Vt6kQ==",
      "requires": {
        "@babel/runtime": "^7.1.2",
        "algoliasearch-helper": "^3.1.0",
        "prop-types": "^15.6.2",
        "react-fast-compare": "^3.0.0"
      }
    },
    "react-instantsearch-dom": {
      "version": "6.9.0",
      "resolved": "https://registry.npmjs.org/react-instantsearch-dom/-/react-instantsearch-dom-6.9.0.tgz",
      "integrity": "sha512-G8jSIC5QutdiK6QhZwyLcIONg2C6/6wRMkAM6uZ5ObSDvY+h/PkSohc8//A7LNOyedOCACd/UfdWlmexSYjl6Q==",
      "requires": {
        "@babel/runtime": "^7.1.2",
        "algoliasearch-helper": "^3.1.0",
        "classnames": "^2.2.5",
        "prop-types": "^15.6.2",
        "react-fast-compare": "^3.0.0",
        "react-instantsearch-core": "^6.9.0"
      }
    },
    "react-is": {
      "version": "16.13.1",
      "resolved": "https://registry.npmjs.org/react-is/-/react-is-16.13.1.tgz",
      "integrity": "sha512-24e6ynE2H+OKt4kqsOvNd8kBpV65zoxbA4BVsEOB3ARVWQki/DHzaUoC5KuON/BiccDaCCTZBuOcfZs70kR8bQ=="
    },
    "regenerator-runtime": {
      "version": "0.13.7",
      "resolved": "https://registry.npmjs.org/regenerator-runtime/-/regenerator-runtime-0.13.7.tgz",
      "integrity": "sha512-a54FxoJDIr27pgf7IgeQGxmqUNYrcV338lf/6gH456HZ/PhX+5BcwHXG9ajESmwe6WRO0tAzRUrRmNONWgkrew=="
    },
    "scheduler": {
      "version": "0.20.1",
      "resolved": "https://registry.npmjs.org/scheduler/-/scheduler-0.20.1.tgz",
      "integrity": "sha512-LKTe+2xNJBNxu/QhHvDR14wUXHRQbVY5ZOYpOGWRzhydZUqrLb2JBvLPY7cAqFmqrWuDED0Mjk7013SZiOz6Bw==",
      "peer": true,
      "requires": {
        "loose-envify": "^1.1.0",
        "object-assign": "^4.1.1"
      }
    }
  }
}
